// !$*UTF8*$!
{
	archiveVersion = 1;
	classes = {
	};
	objectVersion = 46;
	objects = {

/* Begin PBXBuildFile section */
		0B19AD761FACF10F00A4BA43 /* roundedButton.swift in Sources */ = {isa = PBXBuildFile; fileRef = 0B19AD751FACF10F00A4BA43 /* roundedButton.swift */; };
		0B19AD781FACF2B600A4BA43 /* roundedShadowView.swift in Sources */ = {isa = PBXBuildFile; fileRef = 0B19AD771FACF2B600A4BA43 /* roundedShadowView.swift */; };
		0B6A62711F8C00D600811DC5 /* AppDelegate.swift in Sources */ = {isa = PBXBuildFile; fileRef = 0B6A62701F8C00D600811DC5 /* AppDelegate.swift */; };
		0B6A62731F8C00D600811DC5 /* MapVC.swift in Sources */ = {isa = PBXBuildFile; fileRef = 0B6A62721F8C00D600811DC5 /* MapVC.swift */; };
		0B6A62761F8C00D600811DC5 /* Main.storyboard in Resources */ = {isa = PBXBuildFile; fileRef = 0B6A62741F8C00D600811DC5 /* Main.storyboard */; };
		0B6A62781F8C00D600811DC5 /* Assets.xcassets in Resources */ = {isa = PBXBuildFile; fileRef = 0B6A62771F8C00D600811DC5 /* Assets.xcassets */; };
		0B6A627B1F8C00D600811DC5 /* LaunchScreen.storyboard in Resources */ = {isa = PBXBuildFile; fileRef = 0B6A62791F8C00D600811DC5 /* LaunchScreen.storyboard */; };
		0B9B504A1F951589003B137E /* DroppablePin.swift in Sources */ = {isa = PBXBuildFile; fileRef = 0B9B50491F951589003B137E /* DroppablePin.swift */; };
		0BF5EE4F1F98FF4800C91B51 /* SpreadButton.swift in Sources */ = {isa = PBXBuildFile; fileRef = 0BF5EE4E1F98FF4800C91B51 /* SpreadButton.swift */; };
		0BF5EE511F98FFF300C91B51 /* SpreadSubButton.swift in Sources */ = {isa = PBXBuildFile; fileRef = 0BF5EE501F98FFF300C91B51 /* SpreadSubButton.swift */; };
		18D22E37200EB8BE00B185C3 /* datacar.json in Resources */ = {isa = PBXBuildFile; fileRef = 18D22E36200EB8BE00B185C3 /* datacar.json */; };
		18D22E39200EBCDC00B185C3 /* carfall.json in Resources */ = {isa = PBXBuildFile; fileRef = 18D22E38200EBCDC00B185C3 /* carfall.json */; };
		5279CD704A99C576872B9896 /* Pods_potHoleCity.framework in Frameworks */ = {isa = PBXBuildFile; fileRef = 374AD9E04CBDBD3779CA47EE /* Pods_potHoleCity.framework */; };
/* End PBXBuildFile section */

/* Begin PBXFileReference section */
		0B19AD751FACF10F00A4BA43 /* roundedButton.swift */ = {isa = PBXFileReference; lastKnownFileType = sourcecode.swift; path = roundedButton.swift; sourceTree = "<group>"; };
		0B19AD771FACF2B600A4BA43 /* roundedShadowView.swift */ = {isa = PBXFileReference; lastKnownFileType = sourcecode.swift; path = roundedShadowView.swift; sourceTree = "<group>"; };
		0B6A626D1F8C00D600811DC5 /* potHoleCity.app */ = {isa = PBXFileReference; explicitFileType = wrapper.application; includeInIndex = 0; path = potHoleCity.app; sourceTree = BUILT_PRODUCTS_DIR; };
		0B6A62701F8C00D600811DC5 /* AppDelegate.swift */ = {isa = PBXFileReference; lastKnownFileType = sourcecode.swift; path = AppDelegate.swift; sourceTree = "<group>"; };
		0B6A62721F8C00D600811DC5 /* MapVC.swift */ = {isa = PBXFileReference; lastKnownFileType = sourcecode.swift; path = MapVC.swift; sourceTree = "<group>"; };
		0B6A62751F8C00D600811DC5 /* Base */ = {isa = PBXFileReference; lastKnownFileType = file.storyboard; name = Base; path = Base.lproj/Main.storyboard; sourceTree = "<group>"; };
		0B6A62771F8C00D600811DC5 /* Assets.xcassets */ = {isa = PBXFileReference; lastKnownFileType = folder.assetcatalog; path = Assets.xcassets; sourceTree = "<group>"; };
		0B6A627A1F8C00D600811DC5 /* Base */ = {isa = PBXFileReference; lastKnownFileType = file.storyboard; name = Base; path = Base.lproj/LaunchScreen.storyboard; sourceTree = "<group>"; };
		0B6A627C1F8C00D600811DC5 /* Info.plist */ = {isa = PBXFileReference; lastKnownFileType = text.plist.xml; path = Info.plist; sourceTree = "<group>"; };
		0B9B50491F951589003B137E /* DroppablePin.swift */ = {isa = PBXFileReference; lastKnownFileType = sourcecode.swift; path = DroppablePin.swift; sourceTree = "<group>"; };
		0BE90DC31FB66F8800B338CF /* MessageUI.framework */ = {isa = PBXFileReference; lastKnownFileType = wrapper.framework; name = MessageUI.framework; path = System/Library/Frameworks/MessageUI.framework; sourceTree = SDKROOT; };
		0BE90DC71FB66F9200B338CF /* Alamofire.framework */ = {isa = PBXFileReference; explicitFileType = wrapper.framework; path = Alamofire.framework; sourceTree = BUILT_PRODUCTS_DIR; };
		0BE90DC81FB66F9200B338CF /* AlamofireImage.framework */ = {isa = PBXFileReference; explicitFileType = wrapper.framework; path = AlamofireImage.framework; sourceTree = BUILT_PRODUCTS_DIR; };
		0BE90DC91FB66F9200B338CF /* SpreadButton.framework */ = {isa = PBXFileReference; explicitFileType = wrapper.framework; path = SpreadButton.framework; sourceTree = BUILT_PRODUCTS_DIR; };
		0BF5EE4E1F98FF4800C91B51 /* SpreadButton.swift */ = {isa = PBXFileReference; lastKnownFileType = sourcecode.swift; name = SpreadButton.swift; path = ../Pods/SpreadButton/SpreadButton.swift; sourceTree = "<group>"; };
		0BF5EE501F98FFF300C91B51 /* SpreadSubButton.swift */ = {isa = PBXFileReference; lastKnownFileType = sourcecode.swift; name = SpreadSubButton.swift; path = ../Pods/SpreadButton/SpreadSubButton.swift; sourceTree = "<group>"; };
		18D22E36200EB8BE00B185C3 /* datacar.json */ = {isa = PBXFileReference; fileEncoding = 4; lastKnownFileType = text.json; path = datacar.json; sourceTree = "<group>"; };
		18D22E38200EBCDC00B185C3 /* carfall.json */ = {isa = PBXFileReference; fileEncoding = 4; lastKnownFileType = text.json; path = carfall.json; sourceTree = "<group>"; };
		374AD9E04CBDBD3779CA47EE /* Pods_potHoleCity.framework */ = {isa = PBXFileReference; explicitFileType = wrapper.framework; includeInIndex = 0; path = Pods_potHoleCity.framework; sourceTree = BUILT_PRODUCTS_DIR; };
		8FE8BCD0AA443D9E263FBA62 /* Pods-potHoleCity.release.xcconfig */ = {isa = PBXFileReference; includeInIndex = 1; lastKnownFileType = text.xcconfig; name = "Pods-potHoleCity.release.xcconfig"; path = "Pods/Target Support Files/Pods-potHoleCity/Pods-potHoleCity.release.xcconfig"; sourceTree = "<group>"; };
		CD6425BE88D77830885A98D3 /* Pods-potHoleCity.debug.xcconfig */ = {isa = PBXFileReference; includeInIndex = 1; lastKnownFileType = text.xcconfig; name = "Pods-potHoleCity.debug.xcconfig"; path = "Pods/Target Support Files/Pods-potHoleCity/Pods-potHoleCity.debug.xcconfig"; sourceTree = "<group>"; };
/* End PBXFileReference section */

/* Begin PBXFrameworksBuildPhase section */
		0B6A626A1F8C00D600811DC5 /* Frameworks */ = {
			isa = PBXFrameworksBuildPhase;
			buildActionMask = 2147483647;
			files = (
				5279CD704A99C576872B9896 /* Pods_potHoleCity.framework in Frameworks */,
			);
			runOnlyForDeploymentPostprocessing = 0;
		};
/* End PBXFrameworksBuildPhase section */

/* Begin PBXGroup section */
		0B6A62641F8C00D600811DC5 = {
			isa = PBXGroup;
			children = (
				0B6A626F1F8C00D600811DC5 /* potHoleCity */,
				0B6A626E1F8C00D600811DC5 /* Products */,
				FC0F41B7072B7B6466B16A46 /* Pods */,
				4CB06AEE432C19D335B0F492 /* Frameworks */,
			);
			sourceTree = "<group>";
		};
		0B6A626E1F8C00D600811DC5 /* Products */ = {
			isa = PBXGroup;
			children = (
				0B6A626D1F8C00D600811DC5 /* potHoleCity.app */,
			);
			name = Products;
			sourceTree = "<group>";
		};
		0B6A626F1F8C00D600811DC5 /* potHoleCity */ = {
			isa = PBXGroup;
			children = (
				0B6A62831F8C00FD00811DC5 /* View */,
				0B6A62821F8C00F100811DC5 /* Controller */,
				0B6A62701F8C00D600811DC5 /* AppDelegate.swift */,
				0B6A62741F8C00D600811DC5 /* Main.storyboard */,
				0B6A62771F8C00D600811DC5 /* Assets.xcassets */,
				0B6A62791F8C00D600811DC5 /* LaunchScreen.storyboard */,
				0B6A627C1F8C00D600811DC5 /* Info.plist */,
			);
			path = potHoleCity;
			sourceTree = "<group>";
		};
		0B6A62821F8C00F100811DC5 /* Controller */ = {
			isa = PBXGroup;
			children = (
				18D22E38200EBCDC00B185C3 /* carfall.json */,
				18D22E36200EB8BE00B185C3 /* datacar.json */,
				0B6A62721F8C00D600811DC5 /* MapVC.swift */,
			);
			name = Controller;
			sourceTree = "<group>";
		};
		0B6A62831F8C00FD00811DC5 /* View */ = {
			isa = PBXGroup;
			children = (
				0BF5EE4E1F98FF4800C91B51 /* SpreadButton.swift */,
				0B19AD751FACF10F00A4BA43 /* roundedButton.swift */,
				0B19AD771FACF2B600A4BA43 /* roundedShadowView.swift */,
				0B9B50491F951589003B137E /* DroppablePin.swift */,
				0BF5EE501F98FFF300C91B51 /* SpreadSubButton.swift */,
			);
			name = View;
			sourceTree = "<group>";
		};
		4CB06AEE432C19D335B0F492 /* Frameworks */ = {
			isa = PBXGroup;
			children = (
				0BE90DC71FB66F9200B338CF /* Alamofire.framework */,
				0BE90DC81FB66F9200B338CF /* AlamofireImage.framework */,
				0BE90DC91FB66F9200B338CF /* SpreadButton.framework */,
				0BE90DC31FB66F8800B338CF /* MessageUI.framework */,
				374AD9E04CBDBD3779CA47EE /* Pods_potHoleCity.framework */,
			);
			name = Frameworks;
			sourceTree = "<group>";
		};
		FC0F41B7072B7B6466B16A46 /* Pods */ = {
			isa = PBXGroup;
			children = (
				CD6425BE88D77830885A98D3 /* Pods-potHoleCity.debug.xcconfig */,
				8FE8BCD0AA443D9E263FBA62 /* Pods-potHoleCity.release.xcconfig */,
			);
			name = Pods;
			sourceTree = "<group>";
		};
/* End PBXGroup section */

/* Begin PBXNativeTarget section */
		0B6A626C1F8C00D600811DC5 /* potHoleCity */ = {
			isa = PBXNativeTarget;
			buildConfigurationList = 0B6A627F1F8C00D600811DC5 /* Build configuration list for PBXNativeTarget "potHoleCity" */;
			buildPhases = (
				928612E40F1DC63EC466F418 /* [CP] Check Pods Manifest.lock */,
				0B6A62691F8C00D600811DC5 /* Sources */,
				0B6A626A1F8C00D600811DC5 /* Frameworks */,
				0B6A626B1F8C00D600811DC5 /* Resources */,
				93AD20EE00F130960ED70D18 /* [CP] Embed Pods Frameworks */,
				7404CC6872D1F996B8867688 /* [CP] Copy Pods Resources */,
			);
			buildRules = (
			);
			dependencies = (
			);
			name = potHoleCity;
			productName = potHoleCity;
			productReference = 0B6A626D1F8C00D600811DC5 /* potHoleCity.app */;
			productType = "com.apple.product-type.application";
		};
/* End PBXNativeTarget section */

/* Begin PBXProject section */
		0B6A62651F8C00D600811DC5 /* Project object */ = {
			isa = PBXProject;
			attributes = {
				LastSwiftUpdateCheck = 0830;
				LastUpgradeCheck = 0830;
				ORGANIZATIONNAME = "Victoria George";
				TargetAttributes = {
					0B6A626C1F8C00D600811DC5 = {
						CreatedOnToolsVersion = 8.3.3;
						DevelopmentTeam = 79D894K22H;
						ProvisioningStyle = Automatic;
					};
				};
			};
			buildConfigurationList = 0B6A62681F8C00D600811DC5 /* Build configuration list for PBXProject "potHoleCity" */;
			compatibilityVersion = "Xcode 3.2";
			developmentRegion = English;
			hasScannedForEncodings = 0;
			knownRegions = (
				en,
				Base,
			);
			mainGroup = 0B6A62641F8C00D600811DC5;
			productRefGroup = 0B6A626E1F8C00D600811DC5 /* Products */;
			projectDirPath = "";
			projectRoot = "";
			targets = (
				0B6A626C1F8C00D600811DC5 /* potHoleCity */,
			);
		};
/* End PBXProject section */

/* Begin PBXResourcesBuildPhase section */
		0B6A626B1F8C00D600811DC5 /* Resources */ = {
			isa = PBXResourcesBuildPhase;
			buildActionMask = 2147483647;
			files = (
				0B6A627B1F8C00D600811DC5 /* LaunchScreen.storyboard in Resources */,
				18D22E39200EBCDC00B185C3 /* carfall.json in Resources */,
				0B6A62781F8C00D600811DC5 /* Assets.xcassets in Resources */,
				0B6A62761F8C00D600811DC5 /* Main.storyboard in Resources */,
				18D22E37200EB8BE00B185C3 /* datacar.json in Resources */,
			);
			runOnlyForDeploymentPostprocessing = 0;
		};
/* End PBXResourcesBuildPhase section */

/* Begin PBXShellScriptBuildPhase section */
		7404CC6872D1F996B8867688 /* [CP] Copy Pods Resources */ = {
			isa = PBXShellScriptBuildPhase;
			buildActionMask = 2147483647;
			files = (
			);
			inputPaths = (
			);
			name = "[CP] Copy Pods Resources";
			outputPaths = (
			);
			runOnlyForDeploymentPostprocessing = 0;
			shellPath = /bin/sh;
			shellScript = "\"${SRCROOT}/Pods/Target Support Files/Pods-potHoleCity/Pods-potHoleCity-resources.sh\"\n";
			showEnvVarsInLog = 0;
		};
		928612E40F1DC63EC466F418 /* [CP] Check Pods Manifest.lock */ = {
			isa = PBXShellScriptBuildPhase;
			buildActionMask = 2147483647;
			files = (
			);
			inputPaths = (
				"${PODS_PODFILE_DIR_PATH}/Podfile.lock",
				"${PODS_ROOT}/Manifest.lock",
			);
			name = "[CP] Check Pods Manifest.lock";
			outputPaths = (
				"$(DERIVED_FILE_DIR)/Pods-potHoleCity-checkManifestLockResult.txt",
			);
			runOnlyForDeploymentPostprocessing = 0;
			shellPath = /bin/sh;
			shellScript = "diff \"${PODS_PODFILE_DIR_PATH}/Podfile.lock\" \"${PODS_ROOT}/Manifest.lock\" > /dev/null\nif [ $? != 0 ] ; then\n    # print error to STDERR\n    echo \"error: The sandbox is not in sync with the Podfile.lock. Run 'pod install' or update your CocoaPods installation.\" >&2\n    exit 1\nfi\n# This output is used by Xcode 'outputs' to avoid re-running this script phase.\necho \"SUCCESS\" > \"${SCRIPT_OUTPUT_FILE_0}\"\n";
			showEnvVarsInLog = 0;
		};
		93AD20EE00F130960ED70D18 /* [CP] Embed Pods Frameworks */ = {
			isa = PBXShellScriptBuildPhase;
			buildActionMask = 2147483647;
			files = (
			);
			inputPaths = (
				"${SRCROOT}/Pods/Target Support Files/Pods-potHoleCity/Pods-potHoleCity-frameworks.sh",
				"${BUILT_PRODUCTS_DIR}/Alamofire/Alamofire.framework",
				"${BUILT_PRODUCTS_DIR}/SimpleButton/SimpleButton.framework",
				"${BUILT_PRODUCTS_DIR}/SpreadButton/SpreadButton.framework",
				"${BUILT_PRODUCTS_DIR}/lottie-ios/Lottie.framework",
			);
			name = "[CP] Embed Pods Frameworks";
			outputPaths = (
				"${TARGET_BUILD_DIR}/${FRAMEWORKS_FOLDER_PATH}/Alamofire.framework",
				"${TARGET_BUILD_DIR}/${FRAMEWORKS_FOLDER_PATH}/SimpleButton.framework",
				"${TARGET_BUILD_DIR}/${FRAMEWORKS_FOLDER_PATH}/SpreadButton.framework",
				"${TARGET_BUILD_DIR}/${FRAMEWORKS_FOLDER_PATH}/Lottie.framework",
			);
			runOnlyForDeploymentPostprocessing = 0;
			shellPath = /bin/sh;
			shellScript = "\"${SRCROOT}/Pods/Target Support Files/Pods-potHoleCity/Pods-potHoleCity-frameworks.sh\"\n";
			showEnvVarsInLog = 0;
		};
/* End PBXShellScriptBuildPhase section */

/* Begin PBXSourcesBuildPhase section */
		0B6A62691F8C00D600811DC5 /* Sources */ = {
			isa = PBXSourcesBuildPhase;
			buildActionMask = 2147483647;
			files = (
				0B6A62731F8C00D600811DC5 /* MapVC.swift in Sources */,
				0B6A62711F8C00D600811DC5 /* AppDelegate.swift in Sources */,
				0B19AD761FACF10F00A4BA43 /* roundedButton.swift in Sources */,
				0BF5EE4F1F98FF4800C91B51 /* SpreadButton.swift in Sources */,
				0B19AD781FACF2B600A4BA43 /* roundedShadowView.swift in Sources */,
				0B9B504A1F951589003B137E /* DroppablePin.swift in Sources */,
				0BF5EE511F98FFF300C91B51 /* SpreadSubButton.swift in Sources */,
			);
			runOnlyForDeploymentPostprocessing = 0;
		};
/* End PBXSourcesBuildPhase section */

/* Begin PBXVariantGroup section */
		0B6A62741F8C00D600811DC5 /* Main.storyboard */ = {
			isa = PBXVariantGroup;
			children = (
				0B6A62751F8C00D600811DC5 /* Base */,
			);
			name = Main.storyboard;
			sourceTree = "<group>";
		};
		0B6A62791F8C00D600811DC5 /* LaunchScreen.storyboard */ = {
			isa = PBXVariantGroup;
			children = (
				0B6A627A1F8C00D600811DC5 /* Base */,
			);
			name = LaunchScreen.storyboard;
			sourceTree = "<group>";
		};
/* End PBXVariantGroup section */

/* Begin XCBuildConfiguration section */
		0B6A627D1F8C00D600811DC5 /* Debug */ = {
			isa = XCBuildConfiguration;
			buildSettings = {
				ALWAYS_SEARCH_USER_PATHS = NO;
				CLANG_ANALYZER_NONNULL = YES;
				CLANG_ANALYZER_NUMBER_OBJECT_CONVERSION = YES_AGGRESSIVE;
				CLANG_CXX_LANGUAGE_STANDARD = "gnu++0x";
				CLANG_CXX_LIBRARY = "libc++";
				CLANG_ENABLE_MODULES = YES;
				CLANG_ENABLE_OBJC_ARC = YES;
				CLANG_WARN_BOOL_CONVERSION = YES;
				CLANG_WARN_CONSTANT_CONVERSION = YES;
				CLANG_WARN_DIRECT_OBJC_ISA_USAGE = YES_ERROR;
				CLANG_WARN_DOCUMENTATION_COMMENTS = YES;
				CLANG_WARN_EMPTY_BODY = YES;
				CLANG_WARN_ENUM_CONVERSION = YES;
				CLANG_WARN_INFINITE_RECURSION = YES;
				CLANG_WARN_INT_CONVERSION = YES;
				CLANG_WARN_OBJC_ROOT_CLASS = YES_ERROR;
				CLANG_WARN_SUSPICIOUS_MOVE = YES;
				CLANG_WARN_UNREACHABLE_CODE = YES;
				CLANG_WARN__DUPLICATE_METHOD_MATCH = YES;
				"CODE_SIGN_IDENTITY[sdk=iphoneos*]" = "iPhone Developer";
				COPY_PHASE_STRIP = NO;
				DEBUG_INFORMATION_FORMAT = dwarf;
				ENABLE_STRICT_OBJC_MSGSEND = YES;
				ENABLE_TESTABILITY = YES;
				GCC_C_LANGUAGE_STANDARD = gnu99;
				GCC_DYNAMIC_NO_PIC = NO;
				GCC_NO_COMMON_BLOCKS = YES;
				GCC_OPTIMIZATION_LEVEL = 0;
				GCC_PREPROCESSOR_DEFINITIONS = (
					"DEBUG=1",
					"$(inherited)",
				);
				GCC_WARN_64_TO_32_BIT_CONVERSION = YES;
				GCC_WARN_ABOUT_RETURN_TYPE = YES_ERROR;
				GCC_WARN_UNDECLARED_SELECTOR = YES;
				GCC_WARN_UNINITIALIZED_AUTOS = YES_AGGRESSIVE;
				GCC_WARN_UNUSED_FUNCTION = YES;
				GCC_WARN_UNUSED_VARIABLE = YES;
				IPHONEOS_DEPLOYMENT_TARGET = 10.3;
				MTL_ENABLE_DEBUG_INFO = YES;
				ONLY_ACTIVE_ARCH = YES;
				SDKROOT = iphoneos;
				SWIFT_ACTIVE_COMPILATION_CONDITIONS = DEBUG;
				SWIFT_OPTIMIZATION_LEVEL = "-Onone";
				SWIFT_VERSION = 3.0;
			};
			name = Debug;
		};
		0B6A627E1F8C00D600811DC5 /* Release */ = {
			isa = XCBuildConfiguration;
			buildSettings = {
				ALWAYS_SEARCH_USER_PATHS = NO;
				CLANG_ANALYZER_NONNULL = YES;
				CLANG_ANALYZER_NUMBER_OBJECT_CONVERSION = YES_AGGRESSIVE;
				CLANG_CXX_LANGUAGE_STANDARD = "gnu++0x";
				CLANG_CXX_LIBRARY = "libc++";
				CLANG_ENABLE_MODULES = YES;
				CLANG_ENABLE_OBJC_ARC = YES;
				CLANG_WARN_BOOL_CONVERSION = YES;
				CLANG_WARN_CONSTANT_CONVERSION = YES;
				CLANG_WARN_DIRECT_OBJC_ISA_USAGE = YES_ERROR;
				CLANG_WARN_DOCUMENTATION_COMMENTS = YES;
				CLANG_WARN_EMPTY_BODY = YES;
				CLANG_WARN_ENUM_CONVERSION = YES;
				CLANG_WARN_INFINITE_RECURSION = YES;
				CLANG_WARN_INT_CONVERSION = YES;
				CLANG_WARN_OBJC_ROOT_CLASS = YES_ERROR;
				CLANG_WARN_SUSPICIOUS_MOVE = YES;
				CLANG_WARN_UNREACHABLE_CODE = YES;
				CLANG_WARN__DUPLICATE_METHOD_MATCH = YES;
				"CODE_SIGN_IDENTITY[sdk=iphoneos*]" = "iPhone Developer";
				COPY_PHASE_STRIP = NO;
				DEBUG_INFORMATION_FORMAT = "dwarf-with-dsym";
				ENABLE_NS_ASSERTIONS = NO;
				ENABLE_STRICT_OBJC_MSGSEND = YES;
				GCC_C_LANGUAGE_STANDARD = gnu99;
				GCC_NO_COMMON_BLOCKS = YES;
				GCC_WARN_64_TO_32_BIT_CONVERSION = YES;
				GCC_WARN_ABOUT_RETURN_TYPE = YES_ERROR;
				GCC_WARN_UNDECLARED_SELECTOR = YES;
				GCC_WARN_UNINITIALIZED_AUTOS = YES_AGGRESSIVE;
				GCC_WARN_UNUSED_FUNCTION = YES;
				GCC_WARN_UNUSED_VARIABLE = YES;
				IPHONEOS_DEPLOYMENT_TARGET = 10.3;
				MTL_ENABLE_DEBUG_INFO = NO;
				SDKROOT = iphoneos;
				SWIFT_OPTIMIZATION_LEVEL = "-Owholemodule";
				SWIFT_VERSION = 3.0;
				VALIDATE_PRODUCT = YES;
			};
			name = Release;
		};
		0B6A62801F8C00D600811DC5 /* Debug */ = {
			isa = XCBuildConfiguration;
			baseConfigurationReference = CD6425BE88D77830885A98D3 /* Pods-potHoleCity.debug.xcconfig */;
			buildSettings = {
				ASSETCATALOG_COMPILER_APPICON_NAME = AppIcon;
				DEVELOPMENT_TEAM = 79D894K22H;
				INFOPLIST_FILE = potHoleCity/Info.plist;
				LD_RUNPATH_SEARCH_PATHS = "$(inherited) @executable_path/Frameworks";
				PRODUCT_BUNDLE_IDENTIFIER = com.torigeorge.potHoleCity;
				PRODUCT_NAME = "$(TARGET_NAME)";
				SWIFT_VERSION = 3.0;
			};
			name = Debug;
		};
		0B6A62811F8C00D600811DC5 /* Release */ = {
			isa = XCBuildConfiguration;
			baseConfigurationReference = 8FE8BCD0AA443D9E263FBA62 /* Pods-potHoleCity.release.xcconfig */;
			buildSettings = {
				ASSETCATALOG_COMPILER_APPICON_NAME = AppIcon;
				DEVELOPMENT_TEAM = 79D894K22H;
				INFOPLIST_FILE = potHoleCity/Info.plist;
				LD_RUNPATH_SEARCH_PATHS = "$(inherited) @executable_path/Frameworks";
				PRODUCT_BUNDLE_IDENTIFIER = com.torigeorge.potHoleCity;
				PRODUCT_NAME = "$(TARGET_NAME)";
				SWIFT_VERSION = 3.0;
			};
			name = Release;
		};
/* End XCBuildConfiguration section */

/* Begin XCConfigurationList section */
		0B6A62681F8C00D600811DC5 /* Build configuration list for PBXProject "potHoleCity" */ = {
			isa = XCConfigurationList;
			buildConfigurations = (
				0B6A627D1F8C00D600811DC5 /* Debug */,
				0B6A627E1F8C00D600811DC5 /* Release */,
			);
			defaultConfigurationIsVisible = 0;
			defaultConfigurationName = Release;
		};
		0B6A627F1F8C00D600811DC5 /* Build configuration list for PBXNativeTarget "potHoleCity" */ = {
			isa = XCConfigurationList;
			buildConfigurations = (
				0B6A62801F8C00D600811DC5 /* Debug */,
				0B6A62811F8C00D600811DC5 /* Release */,
			);
			defaultConfigurationIsVisible = 0;
			defaultConfigurationName = Release;
		};
/* End XCConfigurationList section */
	};
	rootObject = 0B6A62651F8C00D600811DC5 /* Project object */;
}
